
Microsoft Visual Studio Solution File, Format Version 12.00
# Visual Studio Version 17
VisualStudioVersion = 17.14.36717.8 d17.14
MinimumVisualStudioVersion = 10.0.40219.1
Project("{FAE04EC0-301F-11D3-BF4B-00C04F79EFBC}") = "Transfer-Api", "Transfer-Api.csproj", "{FD0E6935-8B19-461C-B411-6017C383BD1F}"
EndProject
Global
	GlobalSection(SolutionConfigurationPlatforms) = preSolution
		Debug|Any CPU = Debug|Any CPU
		Release|Any CPU = Release|Any CPU
	EndGlobalSection
	GlobalSection(ProjectConfigurationPlatforms) = postSolution
		{FD0E6935-8B19-461C-B411-6017C383BD1F}.Debug|Any CPU.ActiveCfg = Debug|Any CPU
		{FD0E6935-8B19-461C-B411-6017C383BD1F}.Debug|Any CPU.Build.0 = Debug|Any CPU
		{FD0E6935-8B19-461C-B411-6017C383BD1F}.Release|Any CPU.ActiveCfg = Release|Any CPU
		{FD0E6935-8B19-461C-B411-6017C383BD1F}.Release|Any CPU.Build.0 = Release|Any CPU
	EndGlobalSection
	GlobalSection(SolutionProperties) = preSolution
		HideSolutionNode = FALSE
	EndGlobalSection
	GlobalSection(ExtensibilityGlobals) = postSolution
		SolutionGuid = {C0748648-B406-4D90-8E06-91225C047CC3}
	EndGlobalSection
EndGlobal
